// !$*UTF8*$!
{
	archiveVersion = 1;
	classes = {
	};
	objectVersion = 56;
	objects = {

/* Begin PBXBuildFile section */
		A10000000000000000000001 /* NextExpenseApp.swift in Sources */ = {isa = PBXBuildFile; fileRef = A20000000000000000000001 /* NextExpenseApp.swift */; };
		A10000000000000000000002 /* ExpenseStore.swift in Sources */ = {isa = PBXBuildFile; fileRef = A20000000000000000000002 /* ExpenseStore.swift */; };
		A10000000000000000000003 /* ExpenseModels.swift in Sources */ = {isa = PBXBuildFile; fileRef = A20000000000000000000003 /* ExpenseModels.swift */; };
		A10000000000000000000004 /* OverviewView.swift in Sources */ = {isa = PBXBuildFile; fileRef = A20000000000000000000004 /* OverviewView.swift */; };
		A10000000000000000000005 /* ReviewInboxView.swift in Sources */ = {isa = PBXBuildFile; fileRef = A20000000000000000000005 /* ReviewInboxView.swift */; };
		A10000000000000000000006 /* AccountsView.swift in Sources */ = {isa = PBXBuildFile; fileRef = A20000000000000000000006 /* AccountsView.swift */; };
		A10000000000000000000007 /* Assets.xcassets in Resources */ = {isa = PBXBuildFile; fileRef = A20000000000000000000007 /* Assets.xcassets */; };
		A10000000000000000000008 /* ExpenseStoreTests.swift in Sources */ = {isa = PBXBuildFile; fileRef = A20000000000000000000008 /* ExpenseStoreTests.swift */; };
		A10000000000000000000009 /* XCTest.framework in Frameworks */ = {isa = PBXBuildFile; fileRef = A20000000000000000000009 /* XCTest.framework */; };
		A10000000000000000000012 /* NeonAPI.swift in Sources */ = {isa = PBXBuildFile; fileRef = A20000000000000000000012 /* NeonAPI.swift */; };
		A10000000000000000000013 /* LiveExpenseStore.swift in Sources */ = {isa = PBXBuildFile; fileRef = A20000000000000000000013 /* LiveExpenseStore.swift */; };
		A10000000000000000000014 /* LiveExpenseView.swift in Sources */ = {isa = PBXBuildFile; fileRef = A20000000000000000000014 /* LiveExpenseView.swift */; };
/* End PBXBuildFile section */

/* Begin PBXContainerItemProxy section */
		A30000000000000000000001 /* PBXContainerItemProxy */ = {
			isa = PBXContainerItemProxy;
			containerPortal = A40000000000000000000001 /* Project object */;
			proxyType = 1;
			remoteGlobalIDString = A50000000000000000000001;
			remoteInfo = NextExpense;
		};
/* End PBXContainerItemProxy section */

/* Begin PBXFileReference section */
		A20000000000000000000001 /* NextExpenseApp.swift */ = {isa = PBXFileReference; lastKnownFileType = sourcecode.swift; path = NextExpenseApp.swift; sourceTree = "<group>"; };
		A20000000000000000000002 /* ExpenseStore.swift */ = {isa = PBXFileReference; lastKnownFileType = sourcecode.swift; path = ExpenseStore.swift; sourceTree = "<group>"; };
		A20000000000000000000003 /* ExpenseModels.swift */ = {isa = PBXFileReference; lastKnownFileType = sourcecode.swift; path = ExpenseModels.swift; sourceTree = "<group>"; };
		A20000000000000000000004 /* OverviewView.swift */ = {isa = PBXFileReference; lastKnownFileType = sourcecode.swift; path = OverviewView.swift; sourceTree = "<group>"; };
		A20000000000000000000005 /* ReviewInboxView.swift */ = {isa = PBXFileReference; lastKnownFileType = sourcecode.swift; path = ReviewInboxView.swift; sourceTree = "<group>"; };
		A20000000000000000000006 /* AccountsView.swift */ = {isa = PBXFileReference; lastKnownFileType = sourcecode.swift; path = AccountsView.swift; sourceTree = "<group>"; };
		A20000000000000000000007 /* Assets.xcassets */ = {isa = PBXFileReference; lastKnownFileType = folder.assetcatalog; path = Assets.xcassets; sourceTree = "<group>"; };
		A20000000000000000000008 /* ExpenseStoreTests.swift */ = {isa = PBXFileReference; lastKnownFileType = sourcecode.swift; path = ExpenseStoreTests.swift; sourceTree = "<group>"; };
		A20000000000000000000009 /* XCTest.framework */ = {isa = PBXFileReference; lastKnownFileType = wrapper.framework; name = XCTest.framework; path = System/Library/Frameworks/XCTest.framework; sourceTree = SDKROOT; };
		A20000000000000000000010 /* NextExpense.app */ = {isa = PBXFileReference; explicitFileType = wrapper.application; includeInIndex = 0; path = NextExpense.app; sourceTree = BUILT_PRODUCTS_DIR; };
		A20000000000000000000011 /* NextExpenseTests.xctest */ = {isa = PBXFileReference; explicitFileType = wrapper.cfbundle; includeInIndex = 0; path = NextExpenseTests.xctest; sourceTree = BUILT_PRODUCTS_DIR; };
		A20000000000000000000012 /* NeonAPI.swift */ = {isa = PBXFileReference; lastKnownFileType = sourcecode.swift; path = NeonAPI.swift; sourceTree = "<group>"; };
		A20000000000000000000013 /* LiveExpenseStore.swift */ = {isa = PBXFileReference; lastKnownFileType = sourcecode.swift; path = LiveExpenseStore.swift; sourceTree = "<group>"; };
		A20000000000000000000014 /* LiveExpenseView.swift */ = {isa = PBXFileReference; lastKnownFileType = sourcecode.swift; path = LiveExpenseView.swift; sourceTree = "<group>"; };
/* End PBXFileReference section */

/* Begin PBXFrameworksBuildPhase section */
		A60000000000000000000001 /* Frameworks */ = {
			isa = PBXFrameworksBuildPhase;
			buildActionMask = 2147483647;
			files = (
			);
			runOnlyForDeploymentPostprocessing = 0;
		};
		A60000000000000000000002 /* Frameworks */ = {
			isa = PBXFrameworksBuildPhase;
			buildActionMask = 2147483647;
			files = (
				A10000000000000000000009 /* XCTest.framework in Frameworks */,
			);
			runOnlyForDeploymentPostprocessing = 0;
		};
/* End PBXFrameworksBuildPhase section */

/* Begin PBXGroup section */
		A70000000000000000000001 = {
			isa = PBXGroup;
			children = (
				A70000000000000000000002 /* NextExpense */,
				A70000000000000000000006 /* NextExpenseTests */,
				A70000000000000000000007 /* Frameworks */,
				A70000000000000000000008 /* Products */,
			);
			sourceTree = "<group>";
		};
		A70000000000000000000002 /* NextExpense */ = {
			isa = PBXGroup;
			children = (
				A70000000000000000000003 /* App */,
				A70000000000000000000004 /* Models */,
				A70000000000000000000005 /* Features */,
				A70000000000000000000009 /* Resources */,
			);
			path = NextExpense;
			sourceTree = "<group>";
		};
		A70000000000000000000003 /* App */ = {
			isa = PBXGroup;
			children = (
				A20000000000000000000013 /* LiveExpenseStore.swift */,
				A20000000000000000000012 /* NeonAPI.swift */,
				A20000000000000000000001 /* NextExpenseApp.swift */,
				A20000000000000000000002 /* ExpenseStore.swift */,
			);
			path = App;
			sourceTree = "<group>";
		};
		A70000000000000000000004 /* Models */ = {
			isa = PBXGroup;
			children = (
				A20000000000000000000003 /* ExpenseModels.swift */,
			);
			path = Models;
			sourceTree = "<group>";
		};
		A70000000000000000000005 /* Features */ = {
			isa = PBXGroup;
			children = (
				A20000000000000000000014 /* LiveExpenseView.swift */,
				A20000000000000000000004 /* OverviewView.swift */,
				A20000000000000000000005 /* ReviewInboxView.swift */,
				A20000000000000000000006 /* AccountsView.swift */,
			);
			path = Features;
			sourceTree = "<group>";
		};
		A70000000000000000000006 /* NextExpenseTests */ = {
			isa = PBXGroup;
			children = (
				A20000000000000000000008 /* ExpenseStoreTests.swift */,
			);
			path = NextExpenseTests;
			sourceTree = "<group>";
		};
		A70000000000000000000007 /* Frameworks */ = {
			isa = PBXGroup;
			children = (
				A20000000000000000000009 /* XCTest.framework */,
			);
			name = Frameworks;
			sourceTree = "<group>";
		};
		A70000000000000000000008 /* Products */ = {
			isa = PBXGroup;
			children = (
				A20000000000000000000010 /* NextExpense.app */,
				A20000000000000000000011 /* NextExpenseTests.xctest */,
			);
			name = Products;
			sourceTree = "<group>";
		};
		A70000000000000000000009 /* Resources */ = {
			isa = PBXGroup;
			children = (
				A20000000000000000000007 /* Assets.xcassets */,
			);
			path = Resources;
			sourceTree = "<group>";
		};
/* End PBXGroup section */

/* Begin PBXNativeTarget section */
		A50000000000000000000001 /* NextExpense */ = {
			isa = PBXNativeTarget;
			buildConfigurationList = A80000000000000000000002 /* Build configuration list for PBXNativeTarget "NextExpense" */;
			buildPhases = (
				A90000000000000000000001 /* Sources */,
				A60000000000000000000001 /* Frameworks */,
				AA0000000000000000000001 /* Resources */,
			);
			buildRules = (
			);
			dependencies = (
			);
			name = NextExpense;
			productName = NextExpense;
			productReference = A20000000000000000000010 /* NextExpense.app */;
			productType = "com.apple.product-type.application";
		};
		A50000000000000000000002 /* NextExpenseTests */ = {
			isa = PBXNativeTarget;
			buildConfigurationList = A80000000000000000000003 /* Build configuration list for PBXNativeTarget "NextExpenseTests" */;
			buildPhases = (
				A90000000000000000000002 /* Sources */,
				A60000000000000000000002 /* Frameworks */,
				AA0000000000000000000002 /* Resources */,
			);
			buildRules = (
			);
			dependencies = (
				AB0000000000000000000001 /* PBXTargetDependency */,
			);
			name = NextExpenseTests;
			productName = NextExpenseTests;
			productReference = A20000000000000000000011 /* NextExpenseTests.xctest */;
			productType = "com.apple.product-type.bundle.unit-test";
		};
/* End PBXNativeTarget section */

/* Begin PBXProject section */
		A40000000000000000000001 /* Project object */ = {
			isa = PBXProject;
			attributes = {
				BuildIndependentTargetsInParallel = 1;
				LastSwiftUpdateCheck = 1600;
				LastUpgradeCheck = 1600;
				TargetAttributes = {
					A50000000000000000000001 = {
						CreatedOnToolsVersion = 16.0;
					};
					A50000000000000000000002 = {
						CreatedOnToolsVersion = 16.0;
						TestTargetID = A50000000000000000000001;
					};
				};
			};
			buildConfigurationList = A80000000000000000000001 /* Build configuration list for PBXProject "NextExpense" */;
			compatibilityVersion = "Xcode 14.0";
			developmentRegion = en;
			hasScannedForEncodings = 0;
			knownRegions = (
				en,
				Base,
			);
			mainGroup = A70000000000000000000001;
			productRefGroup = A70000000000000000000008 /* Products */;
			projectDirPath = "";
			projectRoot = "";
			targets = (
				A50000000000000000000001 /* NextExpense */,
				A50000000000000000000002 /* NextExpenseTests */,
			);
		};
/* End PBXProject section */

/* Begin PBXResourcesBuildPhase section */
		AA0000000000000000000001 /* Resources */ = {
			isa = PBXResourcesBuildPhase;
			buildActionMask = 2147483647;
			files = (
				A10000000000000000000007 /* Assets.xcassets in Resources */,
			);
			runOnlyForDeploymentPostprocessing = 0;
		};
		AA0000000000000000000002 /* Resources */ = {
			isa = PBXResourcesBuildPhase;
			buildActionMask = 2147483647;
			files = (
			);
			runOnlyForDeploymentPostprocessing = 0;
		};
/* End PBXResourcesBuildPhase section */

/* Begin PBXSourcesBuildPhase section */
		A90000000000000000000001 /* Sources */ = {
			isa = PBXSourcesBuildPhase;
			buildActionMask = 2147483647;
			files = (
				A10000000000000000000014 /* LiveExpenseView.swift in Sources */,
				A10000000000000000000013 /* LiveExpenseStore.swift in Sources */,
				A10000000000000000000012 /* NeonAPI.swift in Sources */,
				A10000000000000000000001 /* NextExpenseApp.swift in Sources */,
				A10000000000000000000002 /* ExpenseStore.swift in Sources */,
				A10000000000000000000003 /* ExpenseModels.swift in Sources */,
				A10000000000000000000004 /* OverviewView.swift in Sources */,
				A10000000000000000000005 /* ReviewInboxView.swift in Sources */,
				A10000000000000000000006 /* AccountsView.swift in Sources */,
			);
			runOnlyForDeploymentPostprocessing = 0;
		};
		A90000000000000000000002 /* Sources */ = {
			isa = PBXSourcesBuildPhase;
			buildActionMask = 2147483647;
			files = (
				A10000000000000000000008 /* ExpenseStoreTests.swift in Sources */,
			);
			runOnlyForDeploymentPostprocessing = 0;
		};
/* End PBXSourcesBuildPhase section */

/* Begin PBXTargetDependency section */
		AB0000000000000000000001 /* PBXTargetDependency */ = {
			isa = PBXTargetDependency;
			target = A50000000000000000000001 /* NextExpense */;
			targetProxy = A30000000000000000000001 /* PBXContainerItemProxy */;
		};
/* End PBXTargetDependency section */

/* Begin XCBuildConfiguration section */
		AC0000000000000000000001 /* Debug */ = {
			isa = XCBuildConfiguration;
			buildSettings = {
				CLANG_ENABLE_MODULES = YES;
				DEBUG_INFORMATION_FORMAT = dwarf;
				ENABLE_TESTABILITY = YES;
				GCC_OPTIMIZATION_LEVEL = 0;
				ONLY_ACTIVE_ARCH = YES;
				SDKROOT = iphoneos;
				SWIFT_ACTIVE_COMPILATION_CONDITIONS = DEBUG;
				SWIFT_OPTIMIZATION_LEVEL = "-Onone";
			};
			name = Debug;
		};
		AC0000000000000000000002 /* Release */ = {
			isa = XCBuildConfiguration;
			buildSettings = {
				CLANG_ENABLE_MODULES = YES;
				DEBUG_INFORMATION_FORMAT = "dwarf-with-dsym";
				SDKROOT = iphoneos;
				SWIFT_COMPILATION_MODE = wholemodule;
				VALIDATE_PRODUCT = YES;
			};
			name = Release;
		};
		AC0000000000000000000003 /* Debug */ = {
			isa = XCBuildConfiguration;
			buildSettings = {
				ASSETCATALOG_COMPILER_APPICON_NAME = AppIcon;
				ASSETCATALOG_COMPILER_GLOBAL_ACCENT_COLOR_NAME = AccentColor;
				CODE_SIGN_STYLE = Automatic;
				CURRENT_PROJECT_VERSION = 1;
				DEVELOPMENT_TEAM = VWCW8YMM6Y;
				GENERATE_INFOPLIST_FILE = YES;
				INFOPLIST_KEY_CFBundleDisplayName = "Next Expense";
				INFOPLIST_KEY_UIApplicationSceneManifest_Generation = YES;
				INFOPLIST_KEY_UILaunchScreen_Generation = YES;
				IPHONEOS_DEPLOYMENT_TARGET = 17.0;
				MARKETING_VERSION = 0.1.0;
				PRODUCT_BUNDLE_IDENTIFIER = com.fraisejr.NextExpense;
				PRODUCT_NAME = "$(TARGET_NAME)";
				SWIFT_EMIT_LOC_STRINGS = YES;
				SWIFT_VERSION = 5.0;
				TARGETED_DEVICE_FAMILY = "1,2";
			};
			name = Debug;
		};
		AC0000000000000000000004 /* Release */ = {
			isa = XCBuildConfiguration;
			buildSettings = {
				ASSETCATALOG_COMPILER_APPICON_NAME = AppIcon;
				ASSETCATALOG_COMPILER_GLOBAL_ACCENT_COLOR_NAME = AccentColor;
				CODE_SIGN_STYLE = Automatic;
				CURRENT_PROJECT_VERSION = 1;
				DEVELOPMENT_TEAM = VWCW8YMM6Y;
				GENERATE_INFOPLIST_FILE = YES;
				INFOPLIST_KEY_CFBundleDisplayName = "Next Expense";
				INFOPLIST_KEY_UIApplicationSceneManifest_Generation = YES;
				INFOPLIST_KEY_UILaunchScreen_Generation = YES;
				IPHONEOS_DEPLOYMENT_TARGET = 17.0;
				MARKETING_VERSION = 0.1.0;
				PRODUCT_BUNDLE_IDENTIFIER = com.fraisejr.NextExpense;
				PRODUCT_NAME = "$(TARGET_NAME)";
				SWIFT_EMIT_LOC_STRINGS = YES;
				SWIFT_VERSION = 5.0;
				TARGETED_DEVICE_FAMILY = "1,2";
			};
			name = Release;
		};
		AC0000000000000000000005 /* Debug */ = {
			isa = XCBuildConfiguration;
			buildSettings = {
				BUNDLE_LOADER = "$(TEST_HOST)";
				CODE_SIGN_STYLE = Automatic;
				GENERATE_INFOPLIST_FILE = YES;
				IPHONEOS_DEPLOYMENT_TARGET = 17.0;
				PRODUCT_BUNDLE_IDENTIFIER = com.fraisejr.NextExpenseTests;
				PRODUCT_NAME = "$(TARGET_NAME)";
				SWIFT_VERSION = 5.0;
				TARGETED_DEVICE_FAMILY = "1,2";
				TEST_HOST = "$(BUILT_PRODUCTS_DIR)/NextExpense.app/$(BUNDLE_EXECUTABLE_FOLDER_PATH)/NextExpense";
			};
			name = Debug;
		};
		AC0000000000000000000006 /* Release */ = {
			isa = XCBuildConfiguration;
			buildSettings = {
				BUNDLE_LOADER = "$(TEST_HOST)";
				CODE_SIGN_STYLE = Automatic;
				GENERATE_INFOPLIST_FILE = YES;
				IPHONEOS_DEPLOYMENT_TARGET = 17.0;
				PRODUCT_BUNDLE_IDENTIFIER = com.fraisejr.NextExpenseTests;
				PRODUCT_NAME = "$(TARGET_NAME)";
				SWIFT_VERSION = 5.0;
				TARGETED_DEVICE_FAMILY = "1,2";
				TEST_HOST = "$(BUILT_PRODUCTS_DIR)/NextExpense.app/$(BUNDLE_EXECUTABLE_FOLDER_PATH)/NextExpense";
			};
			name = Release;
		};
/* End XCBuildConfiguration section */

/* Begin XCConfigurationList section */
		A80000000000000000000001 /* Build configuration list for PBXProject "NextExpense" */ = {
			isa = XCConfigurationList;
			buildConfigurations = (
				AC0000000000000000000001 /* Debug */,
				AC0000000000000000000002 /* Release */,
			);
			defaultConfigurationIsVisible = 0;
			defaultConfigurationName = Release;
		};
		A80000000000000000000002 /* Build configuration list for PBXNativeTarget "NextExpense" */ = {
			isa = XCConfigurationList;
			buildConfigurations = (
				AC0000000000000000000003 /* Debug */,
				AC0000000000000000000004 /* Release */,
			);
			defaultConfigurationIsVisible = 0;
			defaultConfigurationName = Release;
		};
		A80000000000000000000003 /* Build configuration list for PBXNativeTarget "NextExpenseTests" */ = {
			isa = XCConfigurationList;
			buildConfigurations = (
				AC0000000000000000000005 /* Debug */,
				AC0000000000000000000006 /* Release */,
			);
			defaultConfigurationIsVisible = 0;
			defaultConfigurationName = Release;
		};
/* End XCConfigurationList section */
	};
	rootObject = A40000000000000000000001 /* Project object */;
}
